
Microsoft Visual Studio Solution File, Format Version 12.00
# Visual Studio 2012
Project("{FAE04EC0-301F-11D3-BF4B-00C04F79EFBC}") = "SimpleMefSample", "SimpleMefSample\SimpleMefSample.csproj", "{D86B2C91-6B8F-4050-A701-38F6E84ADC0C}"
EndProject
Project("{FAE04EC0-301F-11D3-BF4B-00C04F79EFBC}") = "MyMefContract", "MyMefContract\MyMefContract.csproj", "{AE688F15-153E-42D3-8B03-D375AC0804F2}"
EndProject
Project("{2150E333-8FDC-42A3-9474-1A3956D46DE8}") = "Extensions", "Extensions", "{C33B100C-EB6B-433A-9B74-D4BFC190BBE9}"
EndProject
Project("{FAE04EC0-301F-11D3-BF4B-00C04F79EFBC}") = "AddCalculation", "AddCalculation\AddCalculation.csproj", "{35B74399-92E7-4135-8B9E-5D396DB064FD}"
EndProject
Project("{FAE04EC0-301F-11D3-BF4B-00C04F79EFBC}") = "ReduceCalculation", "ReduceCalculation\ReduceCalculation.csproj", "{04C84E11-C973-40D6-A989-B185BE66061A}"
EndProject
Project("{FAE04EC0-301F-11D3-BF4B-00C04F79EFBC}") = "MultiplyCalculation", "MultiplyCalculation\MultiplyCalculation.csproj", "{107F26A0-5481-4973-A832-16BC50CC4E14}"
EndProject
Project("{FAE04EC0-301F-11D3-BF4B-00C04F79EFBC}") = "DivideCalculation", "DivideCalculation\DivideCalculation.csproj", "{DB5B42D0-6F9C-4A31-B73F-C8E0628520D3}"
EndProject
Global
	GlobalSection(SolutionConfigurationPlatforms) = preSolution
		Debug|Any CPU = Debug|Any CPU
		Debug|Mixed Platforms = Debug|Mixed Platforms
		Debug|x86 = Debug|x86
		Release|Any CPU = Release|Any CPU
		Release|Mixed Platforms = Release|Mixed Platforms
		Release|x86 = Release|x86
	EndGlobalSection
	GlobalSection(ProjectConfigurationPlatforms) = postSolution
		{D86B2C91-6B8F-4050-A701-38F6E84ADC0C}.Debug|Any CPU.ActiveCfg = Debug|x86
		{D86B2C91-6B8F-4050-A701-38F6E84ADC0C}.Debug|Mixed Platforms.ActiveCfg = Debug|x86
		{D86B2C91-6B8F-4050-A701-38F6E84ADC0C}.Debug|Mixed Platforms.Build.0 = Debug|x86
		{D86B2C91-6B8F-4050-A701-38F6E84ADC0C}.Debug|x86.ActiveCfg = Debug|x86
		{D86B2C91-6B8F-4050-A701-38F6E84ADC0C}.Debug|x86.Build.0 = Debug|x86
		{D86B2C91-6B8F-4050-A701-38F6E84ADC0C}.Release|Any CPU.ActiveCfg = Release|x86
		{D86B2C91-6B8F-4050-A701-38F6E84ADC0C}.Release|Mixed Platforms.ActiveCfg = Release|x86
		{D86B2C91-6B8F-4050-A701-38F6E84ADC0C}.Release|Mixed Platforms.Build.0 = Release|x86
		{D86B2C91-6B8F-4050-A701-38F6E84ADC0C}.Release|x86.ActiveCfg = Release|x86
		{D86B2C91-6B8F-4050-A701-38F6E84ADC0C}.Release|x86.Build.0 = Release|x86
		{AE688F15-153E-42D3-8B03-D375AC0804F2}.Debug|Any CPU.ActiveCfg = Debug|Any CPU
		{AE688F15-153E-42D3-8B03-D375AC0804F2}.Debug|Any CPU.Build.0 = Debug|Any CPU
		{AE688F15-153E-42D3-8B03-D375AC0804F2}.Debug|Mixed Platforms.ActiveCfg = Debug|Any CPU
		{AE688F15-153E-42D3-8B03-D375AC0804F2}.Debug|Mixed Platforms.Build.0 = Debug|Any CPU
		{AE688F15-153E-42D3-8B03-D375AC0804F2}.Debug|x86.ActiveCfg = Debug|Any CPU
		{AE688F15-153E-42D3-8B03-D375AC0804F2}.Release|Any CPU.ActiveCfg = Release|Any CPU
		{AE688F15-153E-42D3-8B03-D375AC0804F2}.Release|Any CPU.Build.0 = Release|Any CPU
		{AE688F15-153E-42D3-8B03-D375AC0804F2}.Release|Mixed Platforms.ActiveCfg = Release|Any CPU
		{AE688F15-153E-42D3-8B03-D375AC0804F2}.Release|Mixed Platforms.Build.0 = Release|Any CPU
		{AE688F15-153E-42D3-8B03-D375AC0804F2}.Release|x86.ActiveCfg = Release|Any CPU
		{35B74399-92E7-4135-8B9E-5D396DB064FD}.Debug|Any CPU.ActiveCfg = Debug|Any CPU
		{35B74399-92E7-4135-8B9E-5D396DB064FD}.Debug|Any CPU.Build.0 = Debug|Any CPU
		{35B74399-92E7-4135-8B9E-5D396DB064FD}.Debug|Mixed Platforms.ActiveCfg = Debug|Any CPU
		{35B74399-92E7-4135-8B9E-5D396DB064FD}.Debug|Mixed Platforms.Build.0 = Debug|Any CPU
		{35B74399-92E7-4135-8B9E-5D396DB064FD}.Debug|x86.ActiveCfg = Debug|Any CPU
		{35B74399-92E7-4135-8B9E-5D396DB064FD}.Release|Any CPU.ActiveCfg = Release|Any CPU
		{35B74399-92E7-4135-8B9E-5D396DB064FD}.Release|Any CPU.Build.0 = Release|Any CPU
		{35B74399-92E7-4135-8B9E-5D396DB064FD}.Release|Mixed Platforms.ActiveCfg = Release|Any CPU
		{35B74399-92E7-4135-8B9E-5D396DB064FD}.Release|Mixed Platforms.Build.0 = Release|Any CPU
		{35B74399-92E7-4135-8B9E-5D396DB064FD}.Release|x86.ActiveCfg = Release|Any CPU
		{04C84E11-C973-40D6-A989-B185BE66061A}.Debug|Any CPU.ActiveCfg = Debug|Any CPU
		{04C84E11-C973-40D6-A989-B185BE66061A}.Debug|Any CPU.Build.0 = Debug|Any CPU
		{04C84E11-C973-40D6-A989-B185BE66061A}.Debug|Mixed Platforms.ActiveCfg = Debug|Any CPU
		{04C84E11-C973-40D6-A989-B185BE66061A}.Debug|Mixed Platforms.Build.0 = Debug|Any CPU
		{04C84E11-C973-40D6-A989-B185BE66061A}.Debug|x86.ActiveCfg = Debug|Any CPU
		{04C84E11-C973-40D6-A989-B185BE66061A}.Release|Any CPU.ActiveCfg = Release|Any CPU
		{04C84E11-C973-40D6-A989-B185BE66061A}.Release|Any CPU.Build.0 = Release|Any CPU
		{04C84E11-C973-40D6-A989-B185BE66061A}.Release|Mixed Platforms.ActiveCfg = Release|Any CPU
		{04C84E11-C973-40D6-A989-B185BE66061A}.Release|Mixed Platforms.Build.0 = Release|Any CPU
		{04C84E11-C973-40D6-A989-B185BE66061A}.Release|x86.ActiveCfg = Release|Any CPU
		{107F26A0-5481-4973-A832-16BC50CC4E14}.Debug|Any CPU.ActiveCfg = Debug|Any CPU
		{107F26A0-5481-4973-A832-16BC50CC4E14}.Debug|Any CPU.Build.0 = Debug|Any CPU
		{107F26A0-5481-4973-A832-16BC50CC4E14}.Debug|Mixed Platforms.ActiveCfg = Debug|Any CPU
		{107F26A0-5481-4973-A832-16BC50CC4E14}.Debug|Mixed Platforms.Build.0 = Debug|Any CPU
		{107F26A0-5481-4973-A832-16BC50CC4E14}.Debug|x86.ActiveCfg = Debug|Any CPU
		{107F26A0-5481-4973-A832-16BC50CC4E14}.Release|Any CPU.ActiveCfg = Release|Any CPU
		{107F26A0-5481-4973-A832-16BC50CC4E14}.Release|Any CPU.Build.0 = Release|Any CPU
		{107F26A0-5481-4973-A832-16BC50CC4E14}.Release|Mixed Platforms.ActiveCfg = Release|Any CPU
		{107F26A0-5481-4973-A832-16BC50CC4E14}.Release|Mixed Platforms.Build.0 = Release|Any CPU
		{107F26A0-5481-4973-A832-16BC50CC4E14}.Release|x86.ActiveCfg = Release|Any CPU
		{DB5B42D0-6F9C-4A31-B73F-C8E0628520D3}.Debug|Any CPU.ActiveCfg = Debug|Any CPU
		{DB5B42D0-6F9C-4A31-B73F-C8E0628520D3}.Debug|Any CPU.Build.0 = Debug|Any CPU
		{DB5B42D0-6F9C-4A31-B73F-C8E0628520D3}.Debug|Mixed Platforms.ActiveCfg = Debug|Any CPU
		{DB5B42D0-6F9C-4A31-B73F-C8E0628520D3}.Debug|Mixed Platforms.Build.0 = Debug|Any CPU
		{DB5B42D0-6F9C-4A31-B73F-C8E0628520D3}.Debug|x86.ActiveCfg = Debug|Any CPU
		{DB5B42D0-6F9C-4A31-B73F-C8E0628520D3}.Release|Any CPU.ActiveCfg = Release|Any CPU
		{DB5B42D0-6F9C-4A31-B73F-C8E0628520D3}.Release|Any CPU.Build.0 = Release|Any CPU
		{DB5B42D0-6F9C-4A31-B73F-C8E0628520D3}.Release|Mixed Platforms.ActiveCfg = Release|Any CPU
		{DB5B42D0-6F9C-4A31-B73F-C8E0628520D3}.Release|Mixed Platforms.Build.0 = Release|Any CPU
		{DB5B42D0-6F9C-4A31-B73F-C8E0628520D3}.Release|x86.ActiveCfg = Release|Any CPU
	EndGlobalSection
	GlobalSection(SolutionProperties) = preSolution
		HideSolutionNode = FALSE
	EndGlobalSection
	GlobalSection(NestedProjects) = preSolution
		{35B74399-92E7-4135-8B9E-5D396DB064FD} = {C33B100C-EB6B-433A-9B74-D4BFC190BBE9}
		{04C84E11-C973-40D6-A989-B185BE66061A} = {C33B100C-EB6B-433A-9B74-D4BFC190BBE9}
		{107F26A0-5481-4973-A832-16BC50CC4E14} = {C33B100C-EB6B-433A-9B74-D4BFC190BBE9}
		{DB5B42D0-6F9C-4A31-B73F-C8E0628520D3} = {C33B100C-EB6B-433A-9B74-D4BFC190BBE9}
	EndGlobalSection
EndGlobal
